apiVersion: vendir.k14s.io/v1alpha1
directories:
- contents:
  - githubRelease:
      tag: v1.4.0
      url: https://api.github.com/repos/kubernetes-sigs/gateway-api/releases/252387623
    path: gateway-api
  - githubRelease:
      tag: v1.1.0
      url: https://api.github.com/repos/kubernetes-sigs/gateway-api-inference-extension/releases/257649007
    path: gateway-api-inference-extension
  path: vendor
kind: LockConfig
